
Microsoft Visual Studio Solution File, Format Version 11.00
# Visual Studio 2010
Project("{FAE04EC0-301F-11D3-BF4B-00C04F79EFBC}") = "0309DAYE", "Assembly-CSharp-firstpass.csproj", "{6702D242-990A-AD3C-17EA-5E16EB40592B}"
EndProject
Project("{FAE04EC0-301F-11D3-BF4B-00C04F79EFBC}") = "0309DAYE", "Assembly-CSharp.csproj", "{D0B189A2-B768-EC56-C4BE-287F19291ABC}"
EndProject
Project("{FAE04EC0-301F-11D3-BF4B-00C04F79EFBC}") = "0309DAYE", "Assembly-CSharp-Editor-firstpass.csproj", "{23F476B2-7F48-8040-A0AF-9DBB9D4F95F4}"
EndProject
Global
	GlobalSection(SolutionConfigurationPlatforms) = preSolution
		Debug|Any CPU = Debug|Any CPU
		Release|Any CPU = Release|Any CPU
	EndGlobalSection
	GlobalSection(ProjectConfigurationPlatforms) = postSolution
		{6702D242-990A-AD3C-17EA-5E16EB40592B}.Debug|Any CPU.ActiveCfg = Debug|Any CPU
		{6702D242-990A-AD3C-17EA-5E16EB40592B}.Debug|Any CPU.Build.0 = Debug|Any CPU
		{6702D242-990A-AD3C-17EA-5E16EB40592B}.Release|Any CPU.ActiveCfg = Release|Any CPU
		{6702D242-990A-AD3C-17EA-5E16EB40592B}.Release|Any CPU.Build.0 = Release|Any CPU
		{D0B189A2-B768-EC56-C4BE-287F19291ABC}.Debug|Any CPU.ActiveCfg = Debug|Any CPU
		{D0B189A2-B768-EC56-C4BE-287F19291ABC}.Debug|Any CPU.Build.0 = Debug|Any CPU
		{D0B189A2-B768-EC56-C4BE-287F19291ABC}.Release|Any CPU.ActiveCfg = Release|Any CPU
		{D0B189A2-B768-EC56-C4BE-287F19291ABC}.Release|Any CPU.Build.0 = Release|Any CPU
		{23F476B2-7F48-8040-A0AF-9DBB9D4F95F4}.Debug|Any CPU.ActiveCfg = Debug|Any CPU
		{23F476B2-7F48-8040-A0AF-9DBB9D4F95F4}.Debug|Any CPU.Build.0 = Debug|Any CPU
		{23F476B2-7F48-8040-A0AF-9DBB9D4F95F4}.Release|Any CPU.ActiveCfg = Release|Any CPU
		{23F476B2-7F48-8040-A0AF-9DBB9D4F95F4}.Release|Any CPU.Build.0 = Release|Any CPU
	EndGlobalSection
	GlobalSection(SolutionProperties) = preSolution
		HideSolutionNode = FALSE
	EndGlobalSection
	GlobalSection(MonoDevelopProperties) = preSolution
		StartupItem = Assembly-CSharp.csproj
	EndGlobalSection
EndGlobal
